
Microsoft Visual Studio Solution File, Format Version 12.00
# Visual Studio Version 17
VisualStudioVersion = 17.4.33403.182
MinimumVisualStudioVersion = 10.0.40219.1
Project("{9A19103F-16F7-4668-BE54-9A1E7A4F7556}") = "TicketSystem", "TicketSystem\TicketSystem.csproj", "{5CCB8907-28C9-4886-8B01-A191B6007590}"
EndProject
Global
	GlobalSection(SolutionConfigurationPlatforms) = preSolution
		Debug|Any CPU = Debug|Any CPU
		Release|Any CPU = Release|Any CPU
	EndGlobalSection
	GlobalSection(ProjectConfigurationPlatforms) = postSolution
		{5CCB8907-28C9-4886-8B01-A191B6007590}.Debug|Any CPU.ActiveCfg = Debug|Any CPU
		{5CCB8907-28C9-4886-8B01-A191B6007590}.Debug|Any CPU.Build.0 = Debug|Any CPU
		{5CCB8907-28C9-4886-8B01-A191B6007590}.Release|Any CPU.ActiveCfg = Release|Any CPU
		{5CCB8907-28C9-4886-8B01-A191B6007590}.Release|Any CPU.Build.0 = Release|Any CPU
	EndGlobalSection
	GlobalSection(SolutionProperties) = preSolution
		HideSolutionNode = FALSE
	EndGlobalSection
	GlobalSection(ExtensibilityGlobals) = postSolution
		SolutionGuid = {223DC999-DD9E-4E6E-89AA-CE4B7EEA4914}
	EndGlobalSection
EndGlobal
